
Microsoft Visual Studio Solution File, Format Version 12.00
# Visual Studio Version 17
VisualStudioVersion = 17.0.31903.59
MinimumVisualStudioVersion = 10.0.40219.1
Project("{2150E333-8FDC-42A3-9474-1A3956D46DE8}") = "src", "src", "{827E0CD3-B72D-47B6-A68D-7590B98EB39B}"
EndProject
Project("{FAE04EC0-301F-11D3-BF4B-00C04F79EFBC}") = "Bizigo.Contracts", "src\Bizigo.Contracts\Bizigo.Contracts.csproj", "{1DAFDD77-81F1-45E5-8B88-90C18E1B778D}"
EndProject
Project("{FAE04EC0-301F-11D3-BF4B-00C04F79EFBC}") = "Bizigo.Ingest", "src\Bizigo.Ingest\Bizigo.Ingest.csproj", "{196D25A8-53CD-4D9D-8F44-3B85C12AB056}"
EndProject
Project("{FAE04EC0-301F-11D3-BF4B-00C04F79EFBC}") = "Bizigo.Parsing", "src\Bizigo.Parsing\Bizigo.Parsing.csproj", "{8A82F041-DBC5-4D1A-AFF1-6CEE1B49C8CA}"
EndProject
Project("{FAE04EC0-301F-11D3-BF4B-00C04F79EFBC}") = "Bizigo.Normalization", "src\Bizigo.Normalization\Bizigo.Normalization.csproj", "{46E7D56D-4DF7-42D7-8852-B98F0FEA94D1}"
EndProject
Project("{FAE04EC0-301F-11D3-BF4B-00C04F79EFBC}") = "Bizigo.Storage.ClickHouse", "src\Bizigo.Storage.ClickHouse\Bizigo.Storage.ClickHouse.csproj", "{ED4A9872-F152-4AFE-84F7-522687B76324}"
EndProject
Project("{FAE04EC0-301F-11D3-BF4B-00C04F79EFBC}") = "Bizigo.Storage.Raw", "src\Bizigo.Storage.Raw\Bizigo.Storage.Raw.csproj", "{19F9D431-4F4E-4D6B-A6C9-DB2565F5104A}"
EndProject
Project("{FAE04EC0-301F-11D3-BF4B-00C04F79EFBC}") = "Bizigo.ControlPlane", "src\Bizigo.ControlPlane\Bizigo.ControlPlane.csproj", "{33FDDE7C-C7FE-440D-B7EE-6F71E8572377}"
EndProject
Project("{FAE04EC0-301F-11D3-BF4B-00C04F79EFBC}") = "Bizigo.Query", "src\Bizigo.Query\Bizigo.Query.csproj", "{376C3927-61A4-4DB4-BDA6-D969CF036892}"
EndProject
Project("{FAE04EC0-301F-11D3-BF4B-00C04F79EFBC}") = "Bizigo.Api", "src\Bizigo.Api\Bizigo.Api.csproj", "{DB5869B4-8F1C-4DEA-AC36-A980C00E6C7F}"
EndProject
Project("{FAE04EC0-301F-11D3-BF4B-00C04F79EFBC}") = "Bizigo.Cli", "src\Bizigo.Cli\Bizigo.Cli.csproj", "{47EC4E2B-5864-4CB3-BEA1-7FD31ADCBBC9}"
EndProject
Project("{FAE04EC0-301F-11D3-BF4B-00C04F79EFBC}") = "Bizigo.UnitTests", "tests\Bizigo.UnitTests\Bizigo.UnitTests.csproj", "{1998B653-9756-441C-B927-FE61C6FA7D5A}"
EndProject
Project("{FAE04EC0-301F-11D3-BF4B-00C04F79EFBC}") = "Bizigo.IntegrationTests", "tests\Bizigo.IntegrationTests\Bizigo.IntegrationTests.csproj", "{3F51B744-0954-4350-9615-11186F31DCEA}"
EndProject
Project("{FAE04EC0-301F-11D3-BF4B-00C04F79EFBC}") = "Bizigo.Replay", "src\Bizigo.Replay\Bizigo.Replay.csproj", "{1C154152-460B-4674-8F55-B6396D3F7F41}"
EndProject
Project("{FAE04EC0-301F-11D3-BF4B-00C04F79EFBC}") = "Bizigo.Authoring", "src\Bizigo.Authoring\Bizigo.Authoring.csproj", "{6E0FC988-64B2-4BB3-96B1-F5BCC2C3B3A4}"
EndProject
Project("{FAE04EC0-301F-11D3-BF4B-00C04F79EFBC}") = "Bizigo.Alerting", "src\Bizigo.Alerting\Bizigo.Alerting.csproj", "{A7C4E1B9-3D52-4F8A-9C61-2E0B7D4A6F13}"
EndProject
Global
	GlobalSection(SolutionConfigurationPlatforms) = preSolution
		Debug|Any CPU = Debug|Any CPU
		Debug|x64 = Debug|x64
		Debug|x86 = Debug|x86
		Release|Any CPU = Release|Any CPU
		Release|x64 = Release|x64
		Release|x86 = Release|x86
	EndGlobalSection
	GlobalSection(ProjectConfigurationPlatforms) = postSolution
		{1DAFDD77-81F1-45E5-8B88-90C18E1B778D}.Debug|Any CPU.ActiveCfg = Debug|Any CPU
		{1DAFDD77-81F1-45E5-8B88-90C18E1B778D}.Debug|Any CPU.Build.0 = Debug|Any CPU
		{1DAFDD77-81F1-45E5-8B88-90C18E1B778D}.Debug|x64.ActiveCfg = Debug|Any CPU
		{1DAFDD77-81F1-45E5-8B88-90C18E1B778D}.Debug|x64.Build.0 = Debug|Any CPU
		{1DAFDD77-81F1-45E5-8B88-90C18E1B778D}.Debug|x86.ActiveCfg = Debug|Any CPU
		{1DAFDD77-81F1-45E5-8B88-90C18E1B778D}.Debug|x86.Build.0 = Debug|Any CPU
		{1DAFDD77-81F1-45E5-8B88-90C18E1B778D}.Release|Any CPU.ActiveCfg = Release|Any CPU
		{1DAFDD77-81F1-45E5-8B88-90C18E1B778D}.Release|Any CPU.Build.0 = Release|Any CPU
		{1DAFDD77-81F1-45E5-8B88-90C18E1B778D}.Release|x64.ActiveCfg = Release|Any CPU
		{1DAFDD77-81F1-45E5-8B88-90C18E1B778D}.Release|x64.Build.0 = Release|Any CPU
		{1DAFDD77-81F1-45E5-8B88-90C18E1B778D}.Release|x86.ActiveCfg = Release|Any CPU
		{1DAFDD77-81F1-45E5-8B88-90C18E1B778D}.Release|x86.Build.0 = Release|Any CPU
		{196D25A8-53CD-4D9D-8F44-3B85C12AB056}.Debug|Any CPU.ActiveCfg = Debug|Any CPU
		{196D25A8-53CD-4D9D-8F44-3B85C12AB056}.Debug|Any CPU.Build.0 = Debug|Any CPU
		{196D25A8-53CD-4D9D-8F44-3B85C12AB056}.Debug|x64.ActiveCfg = Debug|Any CPU
		{196D25A8-53CD-4D9D-8F44-3B85C12AB056}.Debug|x64.Build.0 = Debug|Any CPU
		{196D25A8-53CD-4D9D-8F44-3B85C12AB056}.Debug|x86.ActiveCfg = Debug|Any CPU
		{196D25A8-53CD-4D9D-8F44-3B85C12AB056}.Debug|x86.Build.0 = Debug|Any CPU
		{196D25A8-53CD-4D9D-8F44-3B85C12AB056}.Release|Any CPU.ActiveCfg = Release|Any CPU
		{196D25A8-53CD-4D9D-8F44-3B85C12AB056}.Release|Any CPU.Build.0 = Release|Any CPU
		{196D25A8-53CD-4D9D-8F44-3B85C12AB056}.Release|x64.ActiveCfg = Release|Any CPU
		{196D25A8-53CD-4D9D-8F44-3B85C12AB056}.Release|x64.Build.0 = Release|Any CPU
		{196D25A8-53CD-4D9D-8F44-3B85C12AB056}.Release|x86.ActiveCfg = Release|Any CPU
		{196D25A8-53CD-4D9D-8F44-3B85C12AB056}.Release|x86.Build.0 = Release|Any CPU
		{8A82F041-DBC5-4D1A-AFF1-6CEE1B49C8CA}.Debug|Any CPU.ActiveCfg = Debug|Any CPU
		{8A82F041-DBC5-4D1A-AFF1-6CEE1B49C8CA}.Debug|Any CPU.Build.0 = Debug|Any CPU
		{8A82F041-DBC5-4D1A-AFF1-6CEE1B49C8CA}.Debug|x64.ActiveCfg = Debug|Any CPU
		{8A82F041-DBC5-4D1A-AFF1-6CEE1B49C8CA}.Debug|x64.Build.0 = Debug|Any CPU
		{8A82F041-DBC5-4D1A-AFF1-6CEE1B49C8CA}.Debug|x86.ActiveCfg = Debug|Any CPU
		{8A82F041-DBC5-4D1A-AFF1-6CEE1B49C8CA}.Debug|x86.Build.0 = Debug|Any CPU
		{8A82F041-DBC5-4D1A-AFF1-6CEE1B49C8CA}.Release|Any CPU.ActiveCfg = Release|Any CPU
		{8A82F041-DBC5-4D1A-AFF1-6CEE1B49C8CA}.Release|Any CPU.Build.0 = Release|Any CPU
		{8A82F041-DBC5-4D1A-AFF1-6CEE1B49C8CA}.Release|x64.ActiveCfg = Release|Any CPU
		{8A82F041-DBC5-4D1A-AFF1-6CEE1B49C8CA}.Release|x64.Build.0 = Release|Any CPU
		{8A82F041-DBC5-4D1A-AFF1-6CEE1B49C8CA}.Release|x86.ActiveCfg = Release|Any CPU
		{8A82F041-DBC5-4D1A-AFF1-6CEE1B49C8CA}.Release|x86.Build.0 = Release|Any CPU
		{46E7D56D-4DF7-42D7-8852-B98F0FEA94D1}.Debug|Any CPU.ActiveCfg = Debug|Any CPU
		{46E7D56D-4DF7-42D7-8852-B98F0FEA94D1}.Debug|Any CPU.Build.0 = Debug|Any CPU
		{46E7D56D-4DF7-42D7-8852-B98F0FEA94D1}.Debug|x64.ActiveCfg = Debug|Any CPU
		{46E7D56D-4DF7-42D7-8852-B98F0FEA94D1}.Debug|x64.Build.0 = Debug|Any CPU
		{46E7D56D-4DF7-42D7-8852-B98F0FEA94D1}.Debug|x86.ActiveCfg = Debug|Any CPU
		{46E7D56D-4DF7-42D7-8852-B98F0FEA94D1}.Debug|x86.Build.0 = Debug|Any CPU
		{46E7D56D-4DF7-42D7-8852-B98F0FEA94D1}.Release|Any CPU.ActiveCfg = Release|Any CPU
		{46E7D56D-4DF7-42D7-8852-B98F0FEA94D1}.Release|Any CPU.Build.0 = Release|Any CPU
		{46E7D56D-4DF7-42D7-8852-B98F0FEA94D1}.Release|x64.ActiveCfg = Release|Any CPU
		{46E7D56D-4DF7-42D7-8852-B98F0FEA94D1}.Release|x64.Build.0 = Release|Any CPU
		{46E7D56D-4DF7-42D7-8852-B98F0FEA94D1}.Release|x86.ActiveCfg = Release|Any CPU
		{46E7D56D-4DF7-42D7-8852-B98F0FEA94D1}.Release|x86.Build.0 = Release|Any CPU
		{ED4A9872-F152-4AFE-84F7-522687B76324}.Debug|Any CPU.ActiveCfg = Debug|Any CPU
		{ED4A9872-F152-4AFE-84F7-522687B76324}.Debug|Any CPU.Build.0 = Debug|Any CPU
		{ED4A9872-F152-4AFE-84F7-522687B76324}.Debug|x64.ActiveCfg = Debug|Any CPU
		{ED4A9872-F152-4AFE-84F7-522687B76324}.Debug|x64.Build.0 = Debug|Any CPU
		{ED4A9872-F152-4AFE-84F7-522687B76324}.Debug|x86.ActiveCfg = Debug|Any CPU
		{ED4A9872-F152-4AFE-84F7-522687B76324}.Debug|x86.Build.0 = Debug|Any CPU
		{ED4A9872-F152-4AFE-84F7-522687B76324}.Release|Any CPU.ActiveCfg = Release|Any CPU
		{ED4A9872-F152-4AFE-84F7-522687B76324}.Release|Any CPU.Build.0 = Release|Any CPU
		{ED4A9872-F152-4AFE-84F7-522687B76324}.Release|x64.ActiveCfg = Release|Any CPU
		{ED4A9872-F152-4AFE-84F7-522687B76324}.Release|x64.Build.0 = Release|Any CPU
		{ED4A9872-F152-4AFE-84F7-522687B76324}.Release|x86.ActiveCfg = Release|Any CPU
		{ED4A9872-F152-4AFE-84F7-522687B76324}.Release|x86.Build.0 = Release|Any CPU
		{19F9D431-4F4E-4D6B-A6C9-DB2565F5104A}.Debug|Any CPU.ActiveCfg = Debug|Any CPU
		{19F9D431-4F4E-4D6B-A6C9-DB2565F5104A}.Debug|Any CPU.Build.0 = Debug|Any CPU
		{19F9D431-4F4E-4D6B-A6C9-DB2565F5104A}.Debug|x64.ActiveCfg = Debug|Any CPU
		{19F9D431-4F4E-4D6B-A6C9-DB2565F5104A}.Debug|x64.Build.0 = Debug|Any CPU
		{19F9D431-4F4E-4D6B-A6C9-DB2565F5104A}.Debug|x86.ActiveCfg = Debug|Any CPU
		{19F9D431-4F4E-4D6B-A6C9-DB2565F5104A}.Debug|x86.Build.0 = Debug|Any CPU
		{19F9D431-4F4E-4D6B-A6C9-DB2565F5104A}.Release|Any CPU.ActiveCfg = Release|Any CPU
		{19F9D431-4F4E-4D6B-A6C9-DB2565F5104A}.Release|Any CPU.Build.0 = Release|Any CPU
		{19F9D431-4F4E-4D6B-A6C9-DB2565F5104A}.Release|x64.ActiveCfg = Release|Any CPU
		{19F9D431-4F4E-4D6B-A6C9-DB2565F5104A}.Release|x64.Build.0 = Release|Any CPU
		{19F9D431-4F4E-4D6B-A6C9-DB2565F5104A}.Release|x86.ActiveCfg = Release|Any CPU
		{19F9D431-4F4E-4D6B-A6C9-DB2565F5104A}.Release|x86.Build.0 = Release|Any CPU
		{33FDDE7C-C7FE-440D-B7EE-6F71E8572377}.Debug|Any CPU.ActiveCfg = Debug|Any CPU
		{33FDDE7C-C7FE-440D-B7EE-6F71E8572377}.Debug|Any CPU.Build.0 = Debug|Any CPU
		{33FDDE7C-C7FE-440D-B7EE-6F71E8572377}.Debug|x64.ActiveCfg = Debug|Any CPU
		{33FDDE7C-C7FE-440D-B7EE-6F71E8572377}.Debug|x64.Build.0 = Debug|Any CPU
		{33FDDE7C-C7FE-440D-B7EE-6F71E8572377}.Debug|x86.ActiveCfg = Debug|Any CPU
		{33FDDE7C-C7FE-440D-B7EE-6F71E8572377}.Debug|x86.Build.0 = Debug|Any CPU
		{33FDDE7C-C7FE-440D-B7EE-6F71E8572377}.Release|Any CPU.ActiveCfg = Release|Any CPU
		{33FDDE7C-C7FE-440D-B7EE-6F71E8572377}.Release|Any CPU.Build.0 = Release|Any CPU
		{33FDDE7C-C7FE-440D-B7EE-6F71E8572377}.Release|x64.ActiveCfg = Release|Any CPU
		{33FDDE7C-C7FE-440D-B7EE-6F71E8572377}.Release|x64.Build.0 = Release|Any CPU
		{33FDDE7C-C7FE-440D-B7EE-6F71E8572377}.Release|x86.ActiveCfg = Release|Any CPU
		{33FDDE7C-C7FE-440D-B7EE-6F71E8572377}.Release|x86.Build.0 = Release|Any CPU
		{376C3927-61A4-4DB4-BDA6-D969CF036892}.Debug|Any CPU.ActiveCfg = Debug|Any CPU
		{376C3927-61A4-4DB4-BDA6-D969CF036892}.Debug|Any CPU.Build.0 = Debug|Any CPU
		{376C3927-61A4-4DB4-BDA6-D969CF036892}.Debug|x64.ActiveCfg = Debug|Any CPU
		{376C3927-61A4-4DB4-BDA6-D969CF036892}.Debug|x64.Build.0 = Debug|Any CPU
		{376C3927-61A4-4DB4-BDA6-D969CF036892}.Debug|x86.ActiveCfg = Debug|Any CPU
		{376C3927-61A4-4DB4-BDA6-D969CF036892}.Debug|x86.Build.0 = Debug|Any CPU
		{376C3927-61A4-4DB4-BDA6-D969CF036892}.Release|Any CPU.ActiveCfg = Release|Any CPU
		{376C3927-61A4-4DB4-BDA6-D969CF036892}.Release|Any CPU.Build.0 = Release|Any CPU
		{376C3927-61A4-4DB4-BDA6-D969CF036892}.Release|x64.ActiveCfg = Release|Any CPU
		{376C3927-61A4-4DB4-BDA6-D969CF036892}.Release|x64.Build.0 = Release|Any CPU
		{376C3927-61A4-4DB4-BDA6-D969CF036892}.Release|x86.ActiveCfg = Release|Any CPU
		{376C3927-61A4-4DB4-BDA6-D969CF036892}.Release|x86.Build.0 = Release|Any CPU
		{DB5869B4-8F1C-4DEA-AC36-A980C00E6C7F}.Debug|Any CPU.ActiveCfg = Debug|Any CPU
		{DB5869B4-8F1C-4DEA-AC36-A980C00E6C7F}.Debug|Any CPU.Build.0 = Debug|Any CPU
		{DB5869B4-8F1C-4DEA-AC36-A980C00E6C7F}.Debug|x64.ActiveCfg = Debug|Any CPU
		{DB5869B4-8F1C-4DEA-AC36-A980C00E6C7F}.Debug|x64.Build.0 = Debug|Any CPU
		{DB5869B4-8F1C-4DEA-AC36-A980C00E6C7F}.Debug|x86.ActiveCfg = Debug|Any CPU
		{DB5869B4-8F1C-4DEA-AC36-A980C00E6C7F}.Debug|x86.Build.0 = Debug|Any CPU
		{DB5869B4-8F1C-4DEA-AC36-A980C00E6C7F}.Release|Any CPU.ActiveCfg = Release|Any CPU
		{DB5869B4-8F1C-4DEA-AC36-A980C00E6C7F}.Release|Any CPU.Build.0 = Release|Any CPU
		{DB5869B4-8F1C-4DEA-AC36-A980C00E6C7F}.Release|x64.ActiveCfg = Release|Any CPU
		{DB5869B4-8F1C-4DEA-AC36-A980C00E6C7F}.Release|x64.Build.0 = Release|Any CPU
		{DB5869B4-8F1C-4DEA-AC36-A980C00E6C7F}.Release|x86.ActiveCfg = Release|Any CPU
		{DB5869B4-8F1C-4DEA-AC36-A980C00E6C7F}.Release|x86.Build.0 = Release|Any CPU
		{47EC4E2B-5864-4CB3-BEA1-7FD31ADCBBC9}.Debug|Any CPU.ActiveCfg = Debug|Any CPU
		{47EC4E2B-5864-4CB3-BEA1-7FD31ADCBBC9}.Debug|Any CPU.Build.0 = Debug|Any CPU
		{47EC4E2B-5864-4CB3-BEA1-7FD31ADCBBC9}.Debug|x64.ActiveCfg = Debug|Any CPU
		{47EC4E2B-5864-4CB3-BEA1-7FD31ADCBBC9}.Debug|x64.Build.0 = Debug|Any CPU
		{47EC4E2B-5864-4CB3-BEA1-7FD31ADCBBC9}.Debug|x86.ActiveCfg = Debug|Any CPU
		{47EC4E2B-5864-4CB3-BEA1-7FD31ADCBBC9}.Debug|x86.Build.0 = Debug|Any CPU
		{47EC4E2B-5864-4CB3-BEA1-7FD31ADCBBC9}.Release|Any CPU.ActiveCfg = Release|Any CPU
		{47EC4E2B-5864-4CB3-BEA1-7FD31ADCBBC9}.Release|Any CPU.Build.0 = Release|Any CPU
		{47EC4E2B-5864-4CB3-BEA1-7FD31ADCBBC9}.Release|x64.ActiveCfg = Release|Any CPU
		{47EC4E2B-5864-4CB3-BEA1-7FD31ADCBBC9}.Release|x64.Build.0 = Release|Any CPU
		{47EC4E2B-5864-4CB3-BEA1-7FD31ADCBBC9}.Release|x86.ActiveCfg = Release|Any CPU
		{47EC4E2B-5864-4CB3-BEA1-7FD31ADCBBC9}.Release|x86.Build.0 = Release|Any CPU
		{1998B653-9756-441C-B927-FE61C6FA7D5A}.Debug|Any CPU.ActiveCfg = Debug|Any CPU
		{1998B653-9756-441C-B927-FE61C6FA7D5A}.Debug|Any CPU.Build.0 = Debug|Any CPU
		{1998B653-9756-441C-B927-FE61C6FA7D5A}.Debug|x64.ActiveCfg = Debug|Any CPU
		{1998B653-9756-441C-B927-FE61C6FA7D5A}.Debug|x64.Build.0 = Debug|Any CPU
		{1998B653-9756-441C-B927-FE61C6FA7D5A}.Debug|x86.ActiveCfg = Debug|Any CPU
		{1998B653-9756-441C-B927-FE61C6FA7D5A}.Debug|x86.Build.0 = Debug|Any CPU
		{1998B653-9756-441C-B927-FE61C6FA7D5A}.Release|Any CPU.ActiveCfg = Release|Any CPU
		{1998B653-9756-441C-B927-FE61C6FA7D5A}.Release|Any CPU.Build.0 = Release|Any CPU
		{1998B653-9756-441C-B927-FE61C6FA7D5A}.Release|x64.ActiveCfg = Release|Any CPU
		{1998B653-9756-441C-B927-FE61C6FA7D5A}.Release|x64.Build.0 = Release|Any CPU
		{1998B653-9756-441C-B927-FE61C6FA7D5A}.Release|x86.ActiveCfg = Release|Any CPU
		{1998B653-9756-441C-B927-FE61C6FA7D5A}.Release|x86.Build.0 = Release|Any CPU
		{3F51B744-0954-4350-9615-11186F31DCEA}.Debug|Any CPU.ActiveCfg = Debug|Any CPU
		{3F51B744-0954-4350-9615-11186F31DCEA}.Debug|Any CPU.Build.0 = Debug|Any CPU
		{3F51B744-0954-4350-9615-11186F31DCEA}.Debug|x64.ActiveCfg = Debug|Any CPU
		{3F51B744-0954-4350-9615-11186F31DCEA}.Debug|x64.Build.0 = Debug|Any CPU
		{3F51B744-0954-4350-9615-11186F31DCEA}.Debug|x86.ActiveCfg = Debug|Any CPU
		{3F51B744-0954-4350-9615-11186F31DCEA}.Debug|x86.Build.0 = Debug|Any CPU
		{3F51B744-0954-4350-9615-11186F31DCEA}.Release|Any CPU.ActiveCfg = Release|Any CPU
		{3F51B744-0954-4350-9615-11186F31DCEA}.Release|Any CPU.Build.0 = Release|Any CPU
		{3F51B744-0954-4350-9615-11186F31DCEA}.Release|x64.ActiveCfg = Release|Any CPU
		{3F51B744-0954-4350-9615-11186F31DCEA}.Release|x64.Build.0 = Release|Any CPU
		{3F51B744-0954-4350-9615-11186F31DCEA}.Release|x86.ActiveCfg = Release|Any CPU
		{3F51B744-0954-4350-9615-11186F31DCEA}.Release|x86.Build.0 = Release|Any CPU
		{1C154152-460B-4674-8F55-B6396D3F7F41}.Debug|Any CPU.ActiveCfg = Debug|Any CPU
		{1C154152-460B-4674-8F55-B6396D3F7F41}.Debug|Any CPU.Build.0 = Debug|Any CPU
		{1C154152-460B-4674-8F55-B6396D3F7F41}.Debug|x64.ActiveCfg = Debug|Any CPU
		{1C154152-460B-4674-8F55-B6396D3F7F41}.Debug|x64.Build.0 = Debug|Any CPU
		{1C154152-460B-4674-8F55-B6396D3F7F41}.Debug|x86.ActiveCfg = Debug|Any CPU
		{1C154152-460B-4674-8F55-B6396D3F7F41}.Debug|x86.Build.0 = Debug|Any CPU
		{1C154152-460B-4674-8F55-B6396D3F7F41}.Release|Any CPU.ActiveCfg = Release|Any CPU
		{1C154152-460B-4674-8F55-B6396D3F7F41}.Release|Any CPU.Build.0 = Release|Any CPU
		{1C154152-460B-4674-8F55-B6396D3F7F41}.Release|x64.ActiveCfg = Release|Any CPU
		{1C154152-460B-4674-8F55-B6396D3F7F41}.Release|x64.Build.0 = Release|Any CPU
		{1C154152-460B-4674-8F55-B6396D3F7F41}.Release|x86.ActiveCfg = Release|Any CPU
		{1C154152-460B-4674-8F55-B6396D3F7F41}.Release|x86.Build.0 = Release|Any CPU
		{6E0FC988-64B2-4BB3-96B1-F5BCC2C3B3A4}.Debug|Any CPU.ActiveCfg = Debug|Any CPU
		{6E0FC988-64B2-4BB3-96B1-F5BCC2C3B3A4}.Debug|Any CPU.Build.0 = Debug|Any CPU
		{6E0FC988-64B2-4BB3-96B1-F5BCC2C3B3A4}.Debug|x64.ActiveCfg = Debug|Any CPU
		{6E0FC988-64B2-4BB3-96B1-F5BCC2C3B3A4}.Debug|x64.Build.0 = Debug|Any CPU
		{6E0FC988-64B2-4BB3-96B1-F5BCC2C3B3A4}.Debug|x86.ActiveCfg = Debug|Any CPU
		{6E0FC988-64B2-4BB3-96B1-F5BCC2C3B3A4}.Debug|x86.Build.0 = Debug|Any CPU
		{6E0FC988-64B2-4BB3-96B1-F5BCC2C3B3A4}.Release|Any CPU.ActiveCfg = Release|Any CPU
		{6E0FC988-64B2-4BB3-96B1-F5BCC2C3B3A4}.Release|Any CPU.Build.0 = Release|Any CPU
		{6E0FC988-64B2-4BB3-96B1-F5BCC2C3B3A4}.Release|x64.ActiveCfg = Release|Any CPU
		{6E0FC988-64B2-4BB3-96B1-F5BCC2C3B3A4}.Release|x64.Build.0 = Release|Any CPU
		{6E0FC988-64B2-4BB3-96B1-F5BCC2C3B3A4}.Release|x86.ActiveCfg = Release|Any CPU
		{6E0FC988-64B2-4BB3-96B1-F5BCC2C3B3A4}.Release|x86.Build.0 = Release|Any CPU
		{A7C4E1B9-3D52-4F8A-9C61-2E0B7D4A6F13}.Debug|Any CPU.ActiveCfg = Debug|Any CPU
		{A7C4E1B9-3D52-4F8A-9C61-2E0B7D4A6F13}.Debug|Any CPU.Build.0 = Debug|Any CPU
		{A7C4E1B9-3D52-4F8A-9C61-2E0B7D4A6F13}.Debug|x64.ActiveCfg = Debug|Any CPU
		{A7C4E1B9-3D52-4F8A-9C61-2E0B7D4A6F13}.Debug|x64.Build.0 = Debug|Any CPU
		{A7C4E1B9-3D52-4F8A-9C61-2E0B7D4A6F13}.Debug|x86.ActiveCfg = Debug|Any CPU
		{A7C4E1B9-3D52-4F8A-9C61-2E0B7D4A6F13}.Debug|x86.Build.0 = Debug|Any CPU
		{A7C4E1B9-3D52-4F8A-9C61-2E0B7D4A6F13}.Release|Any CPU.ActiveCfg = Release|Any CPU
		{A7C4E1B9-3D52-4F8A-9C61-2E0B7D4A6F13}.Release|Any CPU.Build.0 = Release|Any CPU
		{A7C4E1B9-3D52-4F8A-9C61-2E0B7D4A6F13}.Release|x64.ActiveCfg = Release|Any CPU
		{A7C4E1B9-3D52-4F8A-9C61-2E0B7D4A6F13}.Release|x64.Build.0 = Release|Any CPU
		{A7C4E1B9-3D52-4F8A-9C61-2E0B7D4A6F13}.Release|x86.ActiveCfg = Release|Any CPU
		{A7C4E1B9-3D52-4F8A-9C61-2E0B7D4A6F13}.Release|x86.Build.0 = Release|Any CPU
	EndGlobalSection
	GlobalSection(SolutionProperties) = preSolution
		HideSolutionNode = FALSE
	EndGlobalSection
	GlobalSection(NestedProjects) = preSolution
		{1DAFDD77-81F1-45E5-8B88-90C18E1B778D} = {827E0CD3-B72D-47B6-A68D-7590B98EB39B}
		{196D25A8-53CD-4D9D-8F44-3B85C12AB056} = {827E0CD3-B72D-47B6-A68D-7590B98EB39B}
		{8A82F041-DBC5-4D1A-AFF1-6CEE1B49C8CA} = {827E0CD3-B72D-47B6-A68D-7590B98EB39B}
		{46E7D56D-4DF7-42D7-8852-B98F0FEA94D1} = {827E0CD3-B72D-47B6-A68D-7590B98EB39B}
		{ED4A9872-F152-4AFE-84F7-522687B76324} = {827E0CD3-B72D-47B6-A68D-7590B98EB39B}
		{19F9D431-4F4E-4D6B-A6C9-DB2565F5104A} = {827E0CD3-B72D-47B6-A68D-7590B98EB39B}
		{33FDDE7C-C7FE-440D-B7EE-6F71E8572377} = {827E0CD3-B72D-47B6-A68D-7590B98EB39B}
		{376C3927-61A4-4DB4-BDA6-D969CF036892} = {827E0CD3-B72D-47B6-A68D-7590B98EB39B}
		{DB5869B4-8F1C-4DEA-AC36-A980C00E6C7F} = {827E0CD3-B72D-47B6-A68D-7590B98EB39B}
		{47EC4E2B-5864-4CB3-BEA1-7FD31ADCBBC9} = {827E0CD3-B72D-47B6-A68D-7590B98EB39B}
		{1998B653-9756-441C-B927-FE61C6FA7D5A} = {827E0CD3-B72D-47B6-A68D-7590B98EB39B}
		{3F51B744-0954-4350-9615-11186F31DCEA} = {827E0CD3-B72D-47B6-A68D-7590B98EB39B}
		{1C154152-460B-4674-8F55-B6396D3F7F41} = {827E0CD3-B72D-47B6-A68D-7590B98EB39B}
		{6E0FC988-64B2-4BB3-96B1-F5BCC2C3B3A4} = {827E0CD3-B72D-47B6-A68D-7590B98EB39B}
		{A7C4E1B9-3D52-4F8A-9C61-2E0B7D4A6F13} = {827E0CD3-B72D-47B6-A68D-7590B98EB39B}
	EndGlobalSection
EndGlobal
